
Microsoft Visual Studio Solution File, Format Version 12.00
# Visual Studio Version 17
VisualStudioVersion = 17.7.34202.233
MinimumVisualStudioVersion = 10.0.40219.1
Project("{FAE04EC0-301F-11D3-BF4B-00C04F79EFBC}") = "Test", "Test\Test.csproj", "{8355E99D-704B-411E-A394-435B8CACCEDA}"
EndProject
Global
	GlobalSection(SolutionConfigurationPlatforms) = preSolution
		Debug|Any CPU = Debug|Any CPU
		Release|Any CPU = Release|Any CPU
	EndGlobalSection
	GlobalSection(ProjectConfigurationPlatforms) = postSolution
		{8355E99D-704B-411E-A394-435B8CACCEDA}.Debug|Any CPU.ActiveCfg = Debug|Any CPU
		{8355E99D-704B-411E-A394-435B8CACCEDA}.Debug|Any CPU.Build.0 = Debug|Any CPU
		{8355E99D-704B-411E-A394-435B8CACCEDA}.Release|Any CPU.ActiveCfg = Release|Any CPU
		{8355E99D-704B-411E-A394-435B8CACCEDA}.Release|Any CPU.Build.0 = Release|Any CPU
	EndGlobalSection
	GlobalSection(SolutionProperties) = preSolution
		HideSolutionNode = FALSE
	EndGlobalSection
	GlobalSection(ExtensibilityGlobals) = postSolution
		SolutionGuid = {1242FA28-A580-46D5-A8BF-EAA72BA93450}
	EndGlobalSection
EndGlobal
